
Microsoft Visual Studio Solution File, Format Version 12.00
# Visual Studio Version 17
VisualStudioVersion = 17.6.33723.286
MinimumVisualStudioVersion = 10.0.40219.1
Project("{9A19103F-16F7-4668-BE54-9A1E7A4F7556}") = "PlatformsService", "PlatformsService.csproj", "{AAE3EB03-BCE5-423B-960D-8A3F046D04CA}"
EndProject
Global
	GlobalSection(SolutionConfigurationPlatforms) = preSolution
		Debug|Any CPU = Debug|Any CPU
		Release|Any CPU = Release|Any CPU
	EndGlobalSection
	GlobalSection(ProjectConfigurationPlatforms) = postSolution
		{AAE3EB03-BCE5-423B-960D-8A3F046D04CA}.Debug|Any CPU.ActiveCfg = Debug|Any CPU
		{AAE3EB03-BCE5-423B-960D-8A3F046D04CA}.Debug|Any CPU.Build.0 = Debug|Any CPU
		{AAE3EB03-BCE5-423B-960D-8A3F046D04CA}.Release|Any CPU.ActiveCfg = Release|Any CPU
		{AAE3EB03-BCE5-423B-960D-8A3F046D04CA}.Release|Any CPU.Build.0 = Release|Any CPU
	EndGlobalSection
	GlobalSection(SolutionProperties) = preSolution
		HideSolutionNode = FALSE
	EndGlobalSection
	GlobalSection(ExtensibilityGlobals) = postSolution
		SolutionGuid = {5147F1CB-C154-4AD0-B3E8-51E4460AAF91}
	EndGlobalSection
EndGlobal
